
Microsoft Visual Studio Solution File, Format Version 12.00
# Visual Studio Version 17
VisualStudioVersion = 17.14.37314.3 d17.14
MinimumVisualStudioVersion = 10.0.40219.1
Project("{FAE04EC0-301F-11D3-BF4B-00C04F79EFBC}") = "RuneHighlighter", "RuneHighlighter.csproj", "{10670B09-C9CC-416D-656D-535BF6070496}"
EndProject
Global
	GlobalSection(SolutionConfigurationPlatforms) = preSolution
		Debug|Any CPU = Debug|Any CPU
		Release|Any CPU = Release|Any CPU
	EndGlobalSection
	GlobalSection(ProjectConfigurationPlatforms) = postSolution
		{10670B09-C9CC-416D-656D-535BF6070496}.Debug|Any CPU.ActiveCfg = Debug|Any CPU
		{10670B09-C9CC-416D-656D-535BF6070496}.Debug|Any CPU.Build.0 = Debug|Any CPU
		{10670B09-C9CC-416D-656D-535BF6070496}.Release|Any CPU.ActiveCfg = Release|Any CPU
		{10670B09-C9CC-416D-656D-535BF6070496}.Release|Any CPU.Build.0 = Release|Any CPU
	EndGlobalSection
	GlobalSection(SolutionProperties) = preSolution
		HideSolutionNode = FALSE
	EndGlobalSection
	GlobalSection(ExtensibilityGlobals) = postSolution
		SolutionGuid = {8F99E193-7DEF-4FF0-92AB-73ABCBE2950D}
	EndGlobalSection
EndGlobal
